
Microsoft Visual Studio Solution File, Format Version 12.00
# Visual Studio 14
VisualStudioVersion = 14.0.23107.0
MinimumVisualStudioVersion = 10.0.40219.1
Project("{2150E333-8FDC-42A3-9474-1A3956D46DE8}") = "3rd", "3rd", "{6A7F3D29-1E39-4296-9F30-4CC1BDDBB398}"
EndProject
Project("{2150E333-8FDC-42A3-9474-1A3956D46DE8}") = "uv", "uv", "{676ABD9A-3812-43D3-B543-A502A3BE7F57}"
EndProject
Project("{2150E333-8FDC-42A3-9474-1A3956D46DE8}") = "protobuf", "protobuf", "{3CD756E7-DB4F-4ECA-A963-0120C3D07DF2}"
EndProject
Project("{8BC9CEB8-8B4A-11D0-8D11-00A0C91BC942}") = "libprotobuf", "3rd\protobuf-2.6.1\vsprojects\libprotobuf.vcxproj", "{3E283F37-A4ED-41B7-A3E6-A2D89D131A30}"
EndProject
Project("{8BC9CEB8-8B4A-11D0-8D11-00A0C91BC942}") = "libuv", "3rd\libuv-v1.19.2\libuv.vcxproj", "{33066374-88CB-CB8D-15DA-61032886329A}"
EndProject
Project("{2150E333-8FDC-42A3-9474-1A3956D46DE8}") = "libs", "libs", "{921D5B69-8635-445A-B190-D444B6473447}"
EndProject
Project("{2150E333-8FDC-42A3-9474-1A3956D46DE8}") = "kcp", "kcp", "{5E7FE97C-8401-4401-813B-CC5B787D1C20}"
EndProject
Project("{8BC9CEB8-8B4A-11D0-8D11-00A0C91BC942}") = "libkcp", "3rd\kcp\libkcp.vcxproj", "{F8220E05-EA12-453A-8FF3-4DCD26F88E7B}"
EndProject
Project("{2150E333-8FDC-42A3-9474-1A3956D46DE8}") = "server", "server", "{3D9D98D1-254B-4E6E-844F-1B1CC2A84479}"
EndProject
Project("{8BC9CEB8-8B4A-11D0-8D11-00A0C91BC942}") = "server", "libs\server\server.vcxproj", "{D5A4199B-2D2A-4D39-992D-3235640391FA}"
EndProject
Project("{8BC9CEB8-8B4A-11D0-8D11-00A0C91BC942}") = "network", "libs\network\network.vcxproj", "{13CC6679-5C08-458D-AE11-EF059477986D}"
EndProject
Global
	GlobalSection(SolutionConfigurationPlatforms) = preSolution
		Debug|Win32 = Debug|Win32
		Debug|x64 = Debug|x64
		Debug|x86 = Debug|x86
		Release|Win32 = Release|Win32
		Release|x64 = Release|x64
		Release|x86 = Release|x86
	EndGlobalSection
	GlobalSection(ProjectConfigurationPlatforms) = postSolution
		{3E283F37-A4ED-41B7-A3E6-A2D89D131A30}.Debug|Win32.ActiveCfg = Debug|Win32
		{3E283F37-A4ED-41B7-A3E6-A2D89D131A30}.Debug|Win32.Build.0 = Debug|Win32
		{3E283F37-A4ED-41B7-A3E6-A2D89D131A30}.Debug|x64.ActiveCfg = Debug|x64
		{3E283F37-A4ED-41B7-A3E6-A2D89D131A30}.Debug|x64.Build.0 = Debug|x64
		{3E283F37-A4ED-41B7-A3E6-A2D89D131A30}.Debug|x86.ActiveCfg = Debug|Win32
		{3E283F37-A4ED-41B7-A3E6-A2D89D131A30}.Debug|x86.Build.0 = Debug|Win32
		{3E283F37-A4ED-41B7-A3E6-A2D89D131A30}.Release|Win32.ActiveCfg = Release|Win32
		{3E283F37-A4ED-41B7-A3E6-A2D89D131A30}.Release|Win32.Build.0 = Release|Win32
		{3E283F37-A4ED-41B7-A3E6-A2D89D131A30}.Release|x64.ActiveCfg = Release|x64
		{3E283F37-A4ED-41B7-A3E6-A2D89D131A30}.Release|x64.Build.0 = Release|x64
		{3E283F37-A4ED-41B7-A3E6-A2D89D131A30}.Release|x86.ActiveCfg = Release|Win32
		{3E283F37-A4ED-41B7-A3E6-A2D89D131A30}.Release|x86.Build.0 = Release|Win32
		{33066374-88CB-CB8D-15DA-61032886329A}.Debug|Win32.ActiveCfg = Debug|Win32
		{33066374-88CB-CB8D-15DA-61032886329A}.Debug|Win32.Build.0 = Debug|Win32
		{33066374-88CB-CB8D-15DA-61032886329A}.Debug|x64.ActiveCfg = Debug|x64
		{33066374-88CB-CB8D-15DA-61032886329A}.Debug|x64.Build.0 = Debug|x64
		{33066374-88CB-CB8D-15DA-61032886329A}.Debug|x86.ActiveCfg = Debug|x64
		{33066374-88CB-CB8D-15DA-61032886329A}.Release|Win32.ActiveCfg = Release|Win32
		{33066374-88CB-CB8D-15DA-61032886329A}.Release|Win32.Build.0 = Release|Win32
		{33066374-88CB-CB8D-15DA-61032886329A}.Release|x64.ActiveCfg = Release|x64
		{33066374-88CB-CB8D-15DA-61032886329A}.Release|x64.Build.0 = Release|x64
		{33066374-88CB-CB8D-15DA-61032886329A}.Release|x86.ActiveCfg = Release|x64
		{F8220E05-EA12-453A-8FF3-4DCD26F88E7B}.Debug|Win32.ActiveCfg = Debug|Win32
		{F8220E05-EA12-453A-8FF3-4DCD26F88E7B}.Debug|Win32.Build.0 = Debug|Win32
		{F8220E05-EA12-453A-8FF3-4DCD26F88E7B}.Debug|x64.ActiveCfg = Debug|x64
		{F8220E05-EA12-453A-8FF3-4DCD26F88E7B}.Debug|x64.Build.0 = Debug|x64
		{F8220E05-EA12-453A-8FF3-4DCD26F88E7B}.Debug|x86.ActiveCfg = Debug|Win32
		{F8220E05-EA12-453A-8FF3-4DCD26F88E7B}.Debug|x86.Build.0 = Debug|Win32
		{F8220E05-EA12-453A-8FF3-4DCD26F88E7B}.Release|Win32.ActiveCfg = Release|Win32
		{F8220E05-EA12-453A-8FF3-4DCD26F88E7B}.Release|Win32.Build.0 = Release|Win32
		{F8220E05-EA12-453A-8FF3-4DCD26F88E7B}.Release|x64.ActiveCfg = Release|x64
		{F8220E05-EA12-453A-8FF3-4DCD26F88E7B}.Release|x64.Build.0 = Release|x64
		{F8220E05-EA12-453A-8FF3-4DCD26F88E7B}.Release|x86.ActiveCfg = Release|Win32
		{F8220E05-EA12-453A-8FF3-4DCD26F88E7B}.Release|x86.Build.0 = Release|Win32
		{D5A4199B-2D2A-4D39-992D-3235640391FA}.Debug|Win32.ActiveCfg = Debug|Win32
		{D5A4199B-2D2A-4D39-992D-3235640391FA}.Debug|Win32.Build.0 = Debug|Win32
		{D5A4199B-2D2A-4D39-992D-3235640391FA}.Debug|x64.ActiveCfg = Debug|x64
		{D5A4199B-2D2A-4D39-992D-3235640391FA}.Debug|x64.Build.0 = Debug|x64
		{D5A4199B-2D2A-4D39-992D-3235640391FA}.Debug|x86.ActiveCfg = Debug|Win32
		{D5A4199B-2D2A-4D39-992D-3235640391FA}.Debug|x86.Build.0 = Debug|Win32
		{D5A4199B-2D2A-4D39-992D-3235640391FA}.Release|Win32.ActiveCfg = Release|Win32
		{D5A4199B-2D2A-4D39-992D-3235640391FA}.Release|Win32.Build.0 = Release|Win32
		{D5A4199B-2D2A-4D39-992D-3235640391FA}.Release|x64.ActiveCfg = Release|x64
		{D5A4199B-2D2A-4D39-992D-3235640391FA}.Release|x64.Build.0 = Release|x64
		{D5A4199B-2D2A-4D39-992D-3235640391FA}.Release|x86.ActiveCfg = Release|Win32
		{D5A4199B-2D2A-4D39-992D-3235640391FA}.Release|x86.Build.0 = Release|Win32
		{13CC6679-5C08-458D-AE11-EF059477986D}.Debug|Win32.ActiveCfg = Debug|Win32
		{13CC6679-5C08-458D-AE11-EF059477986D}.Debug|Win32.Build.0 = Debug|Win32
		{13CC6679-5C08-458D-AE11-EF059477986D}.Debug|x64.ActiveCfg = Debug|x64
		{13CC6679-5C08-458D-AE11-EF059477986D}.Debug|x64.Build.0 = Debug|x64
		{13CC6679-5C08-458D-AE11-EF059477986D}.Debug|x86.ActiveCfg = Debug|Win32
		{13CC6679-5C08-458D-AE11-EF059477986D}.Debug|x86.Build.0 = Debug|Win32
		{13CC6679-5C08-458D-AE11-EF059477986D}.Release|Win32.ActiveCfg = Release|Win32
		{13CC6679-5C08-458D-AE11-EF059477986D}.Release|Win32.Build.0 = Release|Win32
		{13CC6679-5C08-458D-AE11-EF059477986D}.Release|x64.ActiveCfg = Release|x64
		{13CC6679-5C08-458D-AE11-EF059477986D}.Release|x64.Build.0 = Release|x64
		{13CC6679-5C08-458D-AE11-EF059477986D}.Release|x86.ActiveCfg = Release|Win32
		{13CC6679-5C08-458D-AE11-EF059477986D}.Release|x86.Build.0 = Release|Win32
	EndGlobalSection
	GlobalSection(SolutionProperties) = preSolution
		HideSolutionNode = FALSE
	EndGlobalSection
	GlobalSection(NestedProjects) = preSolution
		{676ABD9A-3812-43D3-B543-A502A3BE7F57} = {6A7F3D29-1E39-4296-9F30-4CC1BDDBB398}
		{3CD756E7-DB4F-4ECA-A963-0120C3D07DF2} = {6A7F3D29-1E39-4296-9F30-4CC1BDDBB398}
		{3E283F37-A4ED-41B7-A3E6-A2D89D131A30} = {3CD756E7-DB4F-4ECA-A963-0120C3D07DF2}
		{33066374-88CB-CB8D-15DA-61032886329A} = {676ABD9A-3812-43D3-B543-A502A3BE7F57}
		{5E7FE97C-8401-4401-813B-CC5B787D1C20} = {6A7F3D29-1E39-4296-9F30-4CC1BDDBB398}
		{F8220E05-EA12-453A-8FF3-4DCD26F88E7B} = {5E7FE97C-8401-4401-813B-CC5B787D1C20}
		{D5A4199B-2D2A-4D39-992D-3235640391FA} = {921D5B69-8635-445A-B190-D444B6473447}
		{13CC6679-5C08-458D-AE11-EF059477986D} = {921D5B69-8635-445A-B190-D444B6473447}
	EndGlobalSection
EndGlobal
