
Microsoft Visual Studio Solution File, Format Version 12.00
# Visual Studio 14
VisualStudioVersion = 14.0.25420.1
MinimumVisualStudioVersion = 10.0.40219.1
Project("{2150E333-8FDC-42A3-9474-1A3956D46DE8}") = "3rd", "3rd", "{6A7F3D29-1E39-4296-9F30-4CC1BDDBB398}"
EndProject
Project("{2150E333-8FDC-42A3-9474-1A3956D46DE8}") = "uv", "uv", "{676ABD9A-3812-43D3-B543-A502A3BE7F57}"
EndProject
Project("{2150E333-8FDC-42A3-9474-1A3956D46DE8}") = "protobuf", "protobuf", "{3CD756E7-DB4F-4ECA-A963-0120C3D07DF2}"
EndProject
Project("{8BC9CEB8-8B4A-11D0-8D11-00A0C91BC942}") = "libprotobuf", "3rd\protobuf-2.6.1\vsprojects\libprotobuf.vcxproj", "{3E283F37-A4ED-41B7-A3E6-A2D89D131A30}"
EndProject
Project("{8BC9CEB8-8B4A-11D0-8D11-00A0C91BC942}") = "libuv", "3rd\libuv-v1.19.2\libuv.vcxproj", "{33066374-88CB-CB8D-15DA-61032886329A}"
EndProject
Project("{2150E333-8FDC-42A3-9474-1A3956D46DE8}") = "libs", "libs", "{921D5B69-8635-445A-B190-D444B6473447}"
EndProject
Project("{8BC9CEB8-8B4A-11D0-8D11-00A0C91BC942}") = "libkcpuv", "libs\kcpuv\kcpuv.vcxproj", "{D60D9611-A7AC-4EAC-A5EE-C429610F6CC8}"
EndProject
Project("{8BC9CEB8-8B4A-11D0-8D11-00A0C91BC942}") = "libuvnet", "libs\uvnet\libuvnet.vcxproj", "{72163583-30AB-4024-8A63-5F27DB3C6A06}"
EndProject
Project("{2150E333-8FDC-42A3-9474-1A3956D46DE8}") = "kcp", "kcp", "{5E7FE97C-8401-4401-813B-CC5B787D1C20}"
EndProject
Project("{8BC9CEB8-8B4A-11D0-8D11-00A0C91BC942}") = "libkcp", "3rd\kcp\libkcp.vcxproj", "{F8220E05-EA12-453A-8FF3-4DCD26F88E7B}"
EndProject
Global
	GlobalSection(SolutionConfigurationPlatforms) = preSolution
		Debug|x64 = Debug|x64
		Debug|x86 = Debug|x86
		Release|x64 = Release|x64
		Release|x86 = Release|x86
	EndGlobalSection
	GlobalSection(ProjectConfigurationPlatforms) = postSolution
		{3E283F37-A4ED-41B7-A3E6-A2D89D131A30}.Debug|x64.ActiveCfg = Debug|x64
		{3E283F37-A4ED-41B7-A3E6-A2D89D131A30}.Debug|x64.Build.0 = Debug|x64
		{3E283F37-A4ED-41B7-A3E6-A2D89D131A30}.Debug|x86.ActiveCfg = Debug|Win32
		{3E283F37-A4ED-41B7-A3E6-A2D89D131A30}.Debug|x86.Build.0 = Debug|Win32
		{3E283F37-A4ED-41B7-A3E6-A2D89D131A30}.Release|x64.ActiveCfg = Release|x64
		{3E283F37-A4ED-41B7-A3E6-A2D89D131A30}.Release|x64.Build.0 = Release|x64
		{3E283F37-A4ED-41B7-A3E6-A2D89D131A30}.Release|x86.ActiveCfg = Release|Win32
		{3E283F37-A4ED-41B7-A3E6-A2D89D131A30}.Release|x86.Build.0 = Release|Win32
		{33066374-88CB-CB8D-15DA-61032886329A}.Debug|x64.ActiveCfg = Debug|x64
		{33066374-88CB-CB8D-15DA-61032886329A}.Debug|x64.Build.0 = Debug|x64
		{33066374-88CB-CB8D-15DA-61032886329A}.Debug|x86.ActiveCfg = Debug|Win32
		{33066374-88CB-CB8D-15DA-61032886329A}.Debug|x86.Build.0 = Debug|Win32
		{33066374-88CB-CB8D-15DA-61032886329A}.Release|x64.ActiveCfg = Release|x64
		{33066374-88CB-CB8D-15DA-61032886329A}.Release|x64.Build.0 = Release|x64
		{33066374-88CB-CB8D-15DA-61032886329A}.Release|x86.ActiveCfg = Release|Win32
		{33066374-88CB-CB8D-15DA-61032886329A}.Release|x86.Build.0 = Release|Win32
		{D60D9611-A7AC-4EAC-A5EE-C429610F6CC8}.Debug|x64.ActiveCfg = Debug|x64
		{D60D9611-A7AC-4EAC-A5EE-C429610F6CC8}.Debug|x64.Build.0 = Debug|x64
		{D60D9611-A7AC-4EAC-A5EE-C429610F6CC8}.Debug|x86.ActiveCfg = Debug|Win32
		{D60D9611-A7AC-4EAC-A5EE-C429610F6CC8}.Debug|x86.Build.0 = Debug|Win32
		{D60D9611-A7AC-4EAC-A5EE-C429610F6CC8}.Release|x64.ActiveCfg = Release|x64
		{D60D9611-A7AC-4EAC-A5EE-C429610F6CC8}.Release|x64.Build.0 = Release|x64
		{D60D9611-A7AC-4EAC-A5EE-C429610F6CC8}.Release|x86.ActiveCfg = Release|Win32
		{D60D9611-A7AC-4EAC-A5EE-C429610F6CC8}.Release|x86.Build.0 = Release|Win32
		{72163583-30AB-4024-8A63-5F27DB3C6A06}.Debug|x64.ActiveCfg = Debug|x64
		{72163583-30AB-4024-8A63-5F27DB3C6A06}.Debug|x64.Build.0 = Debug|x64
		{72163583-30AB-4024-8A63-5F27DB3C6A06}.Debug|x86.ActiveCfg = Debug|Win32
		{72163583-30AB-4024-8A63-5F27DB3C6A06}.Debug|x86.Build.0 = Debug|Win32
		{72163583-30AB-4024-8A63-5F27DB3C6A06}.Release|x64.ActiveCfg = Release|x64
		{72163583-30AB-4024-8A63-5F27DB3C6A06}.Release|x64.Build.0 = Release|x64
		{72163583-30AB-4024-8A63-5F27DB3C6A06}.Release|x86.ActiveCfg = Release|Win32
		{72163583-30AB-4024-8A63-5F27DB3C6A06}.Release|x86.Build.0 = Release|Win32
		{F8220E05-EA12-453A-8FF3-4DCD26F88E7B}.Debug|x64.ActiveCfg = Debug|x64
		{F8220E05-EA12-453A-8FF3-4DCD26F88E7B}.Debug|x64.Build.0 = Debug|x64
		{F8220E05-EA12-453A-8FF3-4DCD26F88E7B}.Debug|x86.ActiveCfg = Debug|Win32
		{F8220E05-EA12-453A-8FF3-4DCD26F88E7B}.Debug|x86.Build.0 = Debug|Win32
		{F8220E05-EA12-453A-8FF3-4DCD26F88E7B}.Release|x64.ActiveCfg = Release|x64
		{F8220E05-EA12-453A-8FF3-4DCD26F88E7B}.Release|x64.Build.0 = Release|x64
		{F8220E05-EA12-453A-8FF3-4DCD26F88E7B}.Release|x86.ActiveCfg = Release|Win32
		{F8220E05-EA12-453A-8FF3-4DCD26F88E7B}.Release|x86.Build.0 = Release|Win32
	EndGlobalSection
	GlobalSection(SolutionProperties) = preSolution
		HideSolutionNode = FALSE
	EndGlobalSection
	GlobalSection(NestedProjects) = preSolution
		{676ABD9A-3812-43D3-B543-A502A3BE7F57} = {6A7F3D29-1E39-4296-9F30-4CC1BDDBB398}
		{3CD756E7-DB4F-4ECA-A963-0120C3D07DF2} = {6A7F3D29-1E39-4296-9F30-4CC1BDDBB398}
		{3E283F37-A4ED-41B7-A3E6-A2D89D131A30} = {3CD756E7-DB4F-4ECA-A963-0120C3D07DF2}
		{33066374-88CB-CB8D-15DA-61032886329A} = {676ABD9A-3812-43D3-B543-A502A3BE7F57}
		{D60D9611-A7AC-4EAC-A5EE-C429610F6CC8} = {921D5B69-8635-445A-B190-D444B6473447}
		{72163583-30AB-4024-8A63-5F27DB3C6A06} = {921D5B69-8635-445A-B190-D444B6473447}
		{5E7FE97C-8401-4401-813B-CC5B787D1C20} = {6A7F3D29-1E39-4296-9F30-4CC1BDDBB398}
		{F8220E05-EA12-453A-8FF3-4DCD26F88E7B} = {5E7FE97C-8401-4401-813B-CC5B787D1C20}
	EndGlobalSection
EndGlobal
