
Microsoft Visual Studio Solution File, Format Version 12.00
# Visual Studio 14
VisualStudioVersion = 14.0.25420.1
MinimumVisualStudioVersion = 10.0.40219.1
Project("{2150E333-8FDC-42A3-9474-1A3956D46DE8}") = "3rd", "3rd", "{6A7F3D29-1E39-4296-9F30-4CC1BDDBB398}"
EndProject
Project("{8BC9CEB8-8B4A-11D0-8D11-00A0C91BC942}") = "libprotobuf", "3rd\protobuf-2.6.1\vsprojects\libprotobuf.vcxproj", "{3E283F37-A4ED-41B7-A3E6-A2D89D131A30}"
EndProject
Project("{8BC9CEB8-8B4A-11D0-8D11-00A0C91BC942}") = "libuv", "3rd\libuv-v1.19.2\libuv.vcxproj", "{33066374-88CB-CB8D-15DA-61032886329A}"
EndProject
Project("{2150E333-8FDC-42A3-9474-1A3956D46DE8}") = "libs", "libs", "{921D5B69-8635-445A-B190-D444B6473447}"
EndProject
Project("{8BC9CEB8-8B4A-11D0-8D11-00A0C91BC942}") = "libkcp", "3rd\kcp\libkcp.vcxproj", "{F8220E05-EA12-453A-8FF3-4DCD26F88E7B}"
EndProject
Project("{2150E333-8FDC-42A3-9474-1A3956D46DE8}") = "server", "server", "{3D9D98D1-254B-4E6E-844F-1B1CC2A84479}"
EndProject
Project("{8BC9CEB8-8B4A-11D0-8D11-00A0C91BC942}") = "server", "libs\server\server.vcxproj", "{D5A4199B-2D2A-4D39-992D-3235640391FA}"
	ProjectSection(ProjectDependencies) = postProject
		{13CC6679-5C08-458D-AE11-EF059477986D} = {13CC6679-5C08-458D-AE11-EF059477986D}
	EndProjectSection
EndProject
Project("{8BC9CEB8-8B4A-11D0-8D11-00A0C91BC942}") = "network", "libs\network\network.vcxproj", "{13CC6679-5C08-458D-AE11-EF059477986D}"
	ProjectSection(ProjectDependencies) = postProject
		{33066374-88CB-CB8D-15DA-61032886329A} = {33066374-88CB-CB8D-15DA-61032886329A}
	EndProjectSection
EndProject
Project("{8BC9CEB8-8B4A-11D0-8D11-00A0C91BC942}") = "login", "server\login\login.vcxproj", "{3D413FE9-E698-4CFA-94CB-70183529670A}"
EndProject
Project("{8BC9CEB8-8B4A-11D0-8D11-00A0C91BC942}") = "gateway", "server\gateway\gateway.vcxproj", "{6A0CB921-223D-4642-B343-7757A74A39D2}"
EndProject
Project("{8BC9CEB8-8B4A-11D0-8D11-00A0C91BC942}") = "logic", "server\logic\logic.vcxproj", "{264824EA-460F-489D-948B-A63CE013BC81}"
EndProject
Project("{8BC9CEB8-8B4A-11D0-8D11-00A0C91BC942}") = "game", "server\game\game.vcxproj", "{8D48CFE1-C3F1-4FDC-A4A1-A8CB0B499B59}"
EndProject
Project("{8BC9CEB8-8B4A-11D0-8D11-00A0C91BC942}") = "db", "server\db\db.vcxproj", "{08A10A98-CAEF-4A7B-8A19-ADCF32FD8760}"
EndProject
Project("{8BC9CEB8-8B4A-11D0-8D11-00A0C91BC942}") = "pb", "libs\pb\pb.vcxproj", "{8FA54791-E222-4021-A426-BF7A516D3DCF}"
EndProject
Project("{2150E333-8FDC-42A3-9474-1A3956D46DE8}") = "test", "test", "{B76C3CF5-3ACC-4DD3-92D2-76F090989E9E}"
EndProject
Project("{8BC9CEB8-8B4A-11D0-8D11-00A0C91BC942}") = "test-server", "test\test-server\test-server.vcxproj", "{2FCDE234-1A1E-4276-BFAB-7AC2272F87F1}"
EndProject
Project("{8BC9CEB8-8B4A-11D0-8D11-00A0C91BC942}") = "tinyxml", "3rd\tinyxml\tinyxml_lib.vcxproj", "{C406DAEC-0886-4771-8DEA-9D7329B46CC1}"
EndProject
Project("{8BC9CEB8-8B4A-11D0-8D11-00A0C91BC942}") = "hiredis", "3rd\hiredis\redis-win\msvs\hiredis\hiredis.vcxproj", "{13E85053-54B3-487B-8DDB-3430B1C1B3BF}"
EndProject
Project("{8BC9CEB8-8B4A-11D0-8D11-00A0C91BC942}") = "zip", "3rd\zip\zip2008.vcxproj", "{1ABB1158-909C-4AD4-9F81-CB38BBA5D950}"
EndProject
Project("{8BC9CEB8-8B4A-11D0-8D11-00A0C91BC942}") = "test-client", "test\test-client\test-client.vcxproj", "{22A80447-6D5C-4271-8917-EF35AD375AC8}"
EndProject
Global
	GlobalSection(SolutionConfigurationPlatforms) = preSolution
		Debug|Win32 = Debug|Win32
		Debug|x64 = Debug|x64
		Debug|x86 = Debug|x86
		Release|Win32 = Release|Win32
		Release|x64 = Release|x64
		Release|x86 = Release|x86
	EndGlobalSection
	GlobalSection(ProjectConfigurationPlatforms) = postSolution
		{3E283F37-A4ED-41B7-A3E6-A2D89D131A30}.Debug|Win32.ActiveCfg = Debug|Win32
		{3E283F37-A4ED-41B7-A3E6-A2D89D131A30}.Debug|Win32.Build.0 = Debug|Win32
		{3E283F37-A4ED-41B7-A3E6-A2D89D131A30}.Debug|x64.ActiveCfg = Debug|x64
		{3E283F37-A4ED-41B7-A3E6-A2D89D131A30}.Debug|x64.Build.0 = Debug|x64
		{3E283F37-A4ED-41B7-A3E6-A2D89D131A30}.Debug|x86.ActiveCfg = Debug|Win32
		{3E283F37-A4ED-41B7-A3E6-A2D89D131A30}.Debug|x86.Build.0 = Debug|Win32
		{3E283F37-A4ED-41B7-A3E6-A2D89D131A30}.Release|Win32.ActiveCfg = Release|Win32
		{3E283F37-A4ED-41B7-A3E6-A2D89D131A30}.Release|Win32.Build.0 = Release|Win32
		{3E283F37-A4ED-41B7-A3E6-A2D89D131A30}.Release|x64.ActiveCfg = Release|x64
		{3E283F37-A4ED-41B7-A3E6-A2D89D131A30}.Release|x64.Build.0 = Release|x64
		{3E283F37-A4ED-41B7-A3E6-A2D89D131A30}.Release|x86.ActiveCfg = Release|Win32
		{3E283F37-A4ED-41B7-A3E6-A2D89D131A30}.Release|x86.Build.0 = Release|Win32
		{33066374-88CB-CB8D-15DA-61032886329A}.Debug|Win32.ActiveCfg = Debug|Win32
		{33066374-88CB-CB8D-15DA-61032886329A}.Debug|Win32.Build.0 = Debug|Win32
		{33066374-88CB-CB8D-15DA-61032886329A}.Debug|x64.ActiveCfg = Debug|x64
		{33066374-88CB-CB8D-15DA-61032886329A}.Debug|x64.Build.0 = Debug|x64
		{33066374-88CB-CB8D-15DA-61032886329A}.Debug|x86.ActiveCfg = Debug|x64
		{33066374-88CB-CB8D-15DA-61032886329A}.Release|Win32.ActiveCfg = Release|Win32
		{33066374-88CB-CB8D-15DA-61032886329A}.Release|Win32.Build.0 = Release|Win32
		{33066374-88CB-CB8D-15DA-61032886329A}.Release|x64.ActiveCfg = Release|x64
		{33066374-88CB-CB8D-15DA-61032886329A}.Release|x64.Build.0 = Release|x64
		{33066374-88CB-CB8D-15DA-61032886329A}.Release|x86.ActiveCfg = Release|x64
		{F8220E05-EA12-453A-8FF3-4DCD26F88E7B}.Debug|Win32.ActiveCfg = Debug|Win32
		{F8220E05-EA12-453A-8FF3-4DCD26F88E7B}.Debug|Win32.Build.0 = Debug|Win32
		{F8220E05-EA12-453A-8FF3-4DCD26F88E7B}.Debug|x64.ActiveCfg = Debug|x64
		{F8220E05-EA12-453A-8FF3-4DCD26F88E7B}.Debug|x64.Build.0 = Debug|x64
		{F8220E05-EA12-453A-8FF3-4DCD26F88E7B}.Debug|x86.ActiveCfg = Debug|Win32
		{F8220E05-EA12-453A-8FF3-4DCD26F88E7B}.Debug|x86.Build.0 = Debug|Win32
		{F8220E05-EA12-453A-8FF3-4DCD26F88E7B}.Release|Win32.ActiveCfg = Release|Win32
		{F8220E05-EA12-453A-8FF3-4DCD26F88E7B}.Release|Win32.Build.0 = Release|Win32
		{F8220E05-EA12-453A-8FF3-4DCD26F88E7B}.Release|x64.ActiveCfg = Release|x64
		{F8220E05-EA12-453A-8FF3-4DCD26F88E7B}.Release|x64.Build.0 = Release|x64
		{F8220E05-EA12-453A-8FF3-4DCD26F88E7B}.Release|x86.ActiveCfg = Release|Win32
		{F8220E05-EA12-453A-8FF3-4DCD26F88E7B}.Release|x86.Build.0 = Release|Win32
		{D5A4199B-2D2A-4D39-992D-3235640391FA}.Debug|Win32.ActiveCfg = Debug|Win32
		{D5A4199B-2D2A-4D39-992D-3235640391FA}.Debug|Win32.Build.0 = Debug|Win32
		{D5A4199B-2D2A-4D39-992D-3235640391FA}.Debug|x64.ActiveCfg = Debug|x64
		{D5A4199B-2D2A-4D39-992D-3235640391FA}.Debug|x64.Build.0 = Debug|x64
		{D5A4199B-2D2A-4D39-992D-3235640391FA}.Debug|x86.ActiveCfg = Debug|Win32
		{D5A4199B-2D2A-4D39-992D-3235640391FA}.Debug|x86.Build.0 = Debug|Win32
		{D5A4199B-2D2A-4D39-992D-3235640391FA}.Release|Win32.ActiveCfg = Release|Win32
		{D5A4199B-2D2A-4D39-992D-3235640391FA}.Release|Win32.Build.0 = Release|Win32
		{D5A4199B-2D2A-4D39-992D-3235640391FA}.Release|x64.ActiveCfg = Release|x64
		{D5A4199B-2D2A-4D39-992D-3235640391FA}.Release|x64.Build.0 = Release|x64
		{D5A4199B-2D2A-4D39-992D-3235640391FA}.Release|x86.ActiveCfg = Release|Win32
		{D5A4199B-2D2A-4D39-992D-3235640391FA}.Release|x86.Build.0 = Release|Win32
		{13CC6679-5C08-458D-AE11-EF059477986D}.Debug|Win32.ActiveCfg = Debug|Win32
		{13CC6679-5C08-458D-AE11-EF059477986D}.Debug|Win32.Build.0 = Debug|Win32
		{13CC6679-5C08-458D-AE11-EF059477986D}.Debug|x64.ActiveCfg = Debug|x64
		{13CC6679-5C08-458D-AE11-EF059477986D}.Debug|x64.Build.0 = Debug|x64
		{13CC6679-5C08-458D-AE11-EF059477986D}.Debug|x86.ActiveCfg = Debug|Win32
		{13CC6679-5C08-458D-AE11-EF059477986D}.Debug|x86.Build.0 = Debug|Win32
		{13CC6679-5C08-458D-AE11-EF059477986D}.Release|Win32.ActiveCfg = Release|Win32
		{13CC6679-5C08-458D-AE11-EF059477986D}.Release|Win32.Build.0 = Release|Win32
		{13CC6679-5C08-458D-AE11-EF059477986D}.Release|x64.ActiveCfg = Release|x64
		{13CC6679-5C08-458D-AE11-EF059477986D}.Release|x64.Build.0 = Release|x64
		{13CC6679-5C08-458D-AE11-EF059477986D}.Release|x86.ActiveCfg = Release|Win32
		{13CC6679-5C08-458D-AE11-EF059477986D}.Release|x86.Build.0 = Release|Win32
		{3D413FE9-E698-4CFA-94CB-70183529670A}.Debug|Win32.ActiveCfg = Debug|Win32
		{3D413FE9-E698-4CFA-94CB-70183529670A}.Debug|Win32.Build.0 = Debug|Win32
		{3D413FE9-E698-4CFA-94CB-70183529670A}.Debug|x64.ActiveCfg = Debug|x64
		{3D413FE9-E698-4CFA-94CB-70183529670A}.Debug|x64.Build.0 = Debug|x64
		{3D413FE9-E698-4CFA-94CB-70183529670A}.Debug|x86.ActiveCfg = Debug|Win32
		{3D413FE9-E698-4CFA-94CB-70183529670A}.Debug|x86.Build.0 = Debug|Win32
		{3D413FE9-E698-4CFA-94CB-70183529670A}.Release|Win32.ActiveCfg = Release|Win32
		{3D413FE9-E698-4CFA-94CB-70183529670A}.Release|Win32.Build.0 = Release|Win32
		{3D413FE9-E698-4CFA-94CB-70183529670A}.Release|x64.ActiveCfg = Release|x64
		{3D413FE9-E698-4CFA-94CB-70183529670A}.Release|x64.Build.0 = Release|x64
		{3D413FE9-E698-4CFA-94CB-70183529670A}.Release|x86.ActiveCfg = Release|Win32
		{3D413FE9-E698-4CFA-94CB-70183529670A}.Release|x86.Build.0 = Release|Win32
		{6A0CB921-223D-4642-B343-7757A74A39D2}.Debug|Win32.ActiveCfg = Debug|Win32
		{6A0CB921-223D-4642-B343-7757A74A39D2}.Debug|Win32.Build.0 = Debug|Win32
		{6A0CB921-223D-4642-B343-7757A74A39D2}.Debug|x64.ActiveCfg = Debug|x64
		{6A0CB921-223D-4642-B343-7757A74A39D2}.Debug|x64.Build.0 = Debug|x64
		{6A0CB921-223D-4642-B343-7757A74A39D2}.Debug|x86.ActiveCfg = Debug|Win32
		{6A0CB921-223D-4642-B343-7757A74A39D2}.Debug|x86.Build.0 = Debug|Win32
		{6A0CB921-223D-4642-B343-7757A74A39D2}.Release|Win32.ActiveCfg = Release|Win32
		{6A0CB921-223D-4642-B343-7757A74A39D2}.Release|Win32.Build.0 = Release|Win32
		{6A0CB921-223D-4642-B343-7757A74A39D2}.Release|x64.ActiveCfg = Release|x64
		{6A0CB921-223D-4642-B343-7757A74A39D2}.Release|x64.Build.0 = Release|x64
		{6A0CB921-223D-4642-B343-7757A74A39D2}.Release|x86.ActiveCfg = Release|Win32
		{6A0CB921-223D-4642-B343-7757A74A39D2}.Release|x86.Build.0 = Release|Win32
		{264824EA-460F-489D-948B-A63CE013BC81}.Debug|Win32.ActiveCfg = Debug|Win32
		{264824EA-460F-489D-948B-A63CE013BC81}.Debug|Win32.Build.0 = Debug|Win32
		{264824EA-460F-489D-948B-A63CE013BC81}.Debug|x64.ActiveCfg = Debug|x64
		{264824EA-460F-489D-948B-A63CE013BC81}.Debug|x64.Build.0 = Debug|x64
		{264824EA-460F-489D-948B-A63CE013BC81}.Debug|x86.ActiveCfg = Debug|Win32
		{264824EA-460F-489D-948B-A63CE013BC81}.Debug|x86.Build.0 = Debug|Win32
		{264824EA-460F-489D-948B-A63CE013BC81}.Release|Win32.ActiveCfg = Release|Win32
		{264824EA-460F-489D-948B-A63CE013BC81}.Release|Win32.Build.0 = Release|Win32
		{264824EA-460F-489D-948B-A63CE013BC81}.Release|x64.ActiveCfg = Release|x64
		{264824EA-460F-489D-948B-A63CE013BC81}.Release|x64.Build.0 = Release|x64
		{264824EA-460F-489D-948B-A63CE013BC81}.Release|x86.ActiveCfg = Release|Win32
		{264824EA-460F-489D-948B-A63CE013BC81}.Release|x86.Build.0 = Release|Win32
		{8D48CFE1-C3F1-4FDC-A4A1-A8CB0B499B59}.Debug|Win32.ActiveCfg = Debug|Win32
		{8D48CFE1-C3F1-4FDC-A4A1-A8CB0B499B59}.Debug|Win32.Build.0 = Debug|Win32
		{8D48CFE1-C3F1-4FDC-A4A1-A8CB0B499B59}.Debug|x64.ActiveCfg = Debug|x64
		{8D48CFE1-C3F1-4FDC-A4A1-A8CB0B499B59}.Debug|x64.Build.0 = Debug|x64
		{8D48CFE1-C3F1-4FDC-A4A1-A8CB0B499B59}.Debug|x86.ActiveCfg = Debug|Win32
		{8D48CFE1-C3F1-4FDC-A4A1-A8CB0B499B59}.Debug|x86.Build.0 = Debug|Win32
		{8D48CFE1-C3F1-4FDC-A4A1-A8CB0B499B59}.Release|Win32.ActiveCfg = Release|Win32
		{8D48CFE1-C3F1-4FDC-A4A1-A8CB0B499B59}.Release|Win32.Build.0 = Release|Win32
		{8D48CFE1-C3F1-4FDC-A4A1-A8CB0B499B59}.Release|x64.ActiveCfg = Release|x64
		{8D48CFE1-C3F1-4FDC-A4A1-A8CB0B499B59}.Release|x64.Build.0 = Release|x64
		{8D48CFE1-C3F1-4FDC-A4A1-A8CB0B499B59}.Release|x86.ActiveCfg = Release|Win32
		{8D48CFE1-C3F1-4FDC-A4A1-A8CB0B499B59}.Release|x86.Build.0 = Release|Win32
		{08A10A98-CAEF-4A7B-8A19-ADCF32FD8760}.Debug|Win32.ActiveCfg = Debug|Win32
		{08A10A98-CAEF-4A7B-8A19-ADCF32FD8760}.Debug|Win32.Build.0 = Debug|Win32
		{08A10A98-CAEF-4A7B-8A19-ADCF32FD8760}.Debug|x64.ActiveCfg = Debug|x64
		{08A10A98-CAEF-4A7B-8A19-ADCF32FD8760}.Debug|x64.Build.0 = Debug|x64
		{08A10A98-CAEF-4A7B-8A19-ADCF32FD8760}.Debug|x86.ActiveCfg = Debug|Win32
		{08A10A98-CAEF-4A7B-8A19-ADCF32FD8760}.Debug|x86.Build.0 = Debug|Win32
		{08A10A98-CAEF-4A7B-8A19-ADCF32FD8760}.Release|Win32.ActiveCfg = Release|Win32
		{08A10A98-CAEF-4A7B-8A19-ADCF32FD8760}.Release|Win32.Build.0 = Release|Win32
		{08A10A98-CAEF-4A7B-8A19-ADCF32FD8760}.Release|x64.ActiveCfg = Release|x64
		{08A10A98-CAEF-4A7B-8A19-ADCF32FD8760}.Release|x64.Build.0 = Release|x64
		{08A10A98-CAEF-4A7B-8A19-ADCF32FD8760}.Release|x86.ActiveCfg = Release|Win32
		{08A10A98-CAEF-4A7B-8A19-ADCF32FD8760}.Release|x86.Build.0 = Release|Win32
		{8FA54791-E222-4021-A426-BF7A516D3DCF}.Debug|Win32.ActiveCfg = Debug|Win32
		{8FA54791-E222-4021-A426-BF7A516D3DCF}.Debug|Win32.Build.0 = Debug|Win32
		{8FA54791-E222-4021-A426-BF7A516D3DCF}.Debug|x64.ActiveCfg = Debug|x64
		{8FA54791-E222-4021-A426-BF7A516D3DCF}.Debug|x64.Build.0 = Debug|x64
		{8FA54791-E222-4021-A426-BF7A516D3DCF}.Debug|x86.ActiveCfg = Debug|Win32
		{8FA54791-E222-4021-A426-BF7A516D3DCF}.Debug|x86.Build.0 = Debug|Win32
		{8FA54791-E222-4021-A426-BF7A516D3DCF}.Release|Win32.ActiveCfg = Release|Win32
		{8FA54791-E222-4021-A426-BF7A516D3DCF}.Release|Win32.Build.0 = Release|Win32
		{8FA54791-E222-4021-A426-BF7A516D3DCF}.Release|x64.ActiveCfg = Release|x64
		{8FA54791-E222-4021-A426-BF7A516D3DCF}.Release|x64.Build.0 = Release|x64
		{8FA54791-E222-4021-A426-BF7A516D3DCF}.Release|x86.ActiveCfg = Release|Win32
		{8FA54791-E222-4021-A426-BF7A516D3DCF}.Release|x86.Build.0 = Release|Win32
		{2FCDE234-1A1E-4276-BFAB-7AC2272F87F1}.Debug|Win32.ActiveCfg = Debug|Win32
		{2FCDE234-1A1E-4276-BFAB-7AC2272F87F1}.Debug|Win32.Build.0 = Debug|Win32
		{2FCDE234-1A1E-4276-BFAB-7AC2272F87F1}.Debug|x64.ActiveCfg = Debug|x64
		{2FCDE234-1A1E-4276-BFAB-7AC2272F87F1}.Debug|x64.Build.0 = Debug|x64
		{2FCDE234-1A1E-4276-BFAB-7AC2272F87F1}.Debug|x86.ActiveCfg = Debug|Win32
		{2FCDE234-1A1E-4276-BFAB-7AC2272F87F1}.Debug|x86.Build.0 = Debug|Win32
		{2FCDE234-1A1E-4276-BFAB-7AC2272F87F1}.Release|Win32.ActiveCfg = Release|Win32
		{2FCDE234-1A1E-4276-BFAB-7AC2272F87F1}.Release|Win32.Build.0 = Release|Win32
		{2FCDE234-1A1E-4276-BFAB-7AC2272F87F1}.Release|x64.ActiveCfg = Release|x64
		{2FCDE234-1A1E-4276-BFAB-7AC2272F87F1}.Release|x64.Build.0 = Release|x64
		{2FCDE234-1A1E-4276-BFAB-7AC2272F87F1}.Release|x86.ActiveCfg = Release|Win32
		{2FCDE234-1A1E-4276-BFAB-7AC2272F87F1}.Release|x86.Build.0 = Release|Win32
		{C406DAEC-0886-4771-8DEA-9D7329B46CC1}.Debug|Win32.ActiveCfg = Debug|Win32
		{C406DAEC-0886-4771-8DEA-9D7329B46CC1}.Debug|Win32.Build.0 = Debug|Win32
		{C406DAEC-0886-4771-8DEA-9D7329B46CC1}.Debug|x64.ActiveCfg = Debug|x64
		{C406DAEC-0886-4771-8DEA-9D7329B46CC1}.Debug|x64.Build.0 = Debug|x64
		{C406DAEC-0886-4771-8DEA-9D7329B46CC1}.Debug|x86.ActiveCfg = Debug|Win32
		{C406DAEC-0886-4771-8DEA-9D7329B46CC1}.Debug|x86.Build.0 = Debug|Win32
		{C406DAEC-0886-4771-8DEA-9D7329B46CC1}.Release|Win32.ActiveCfg = Release|Win32
		{C406DAEC-0886-4771-8DEA-9D7329B46CC1}.Release|Win32.Build.0 = Release|Win32
		{C406DAEC-0886-4771-8DEA-9D7329B46CC1}.Release|x64.ActiveCfg = Release|x64
		{C406DAEC-0886-4771-8DEA-9D7329B46CC1}.Release|x64.Build.0 = Release|x64
		{C406DAEC-0886-4771-8DEA-9D7329B46CC1}.Release|x86.ActiveCfg = Release|Win32
		{C406DAEC-0886-4771-8DEA-9D7329B46CC1}.Release|x86.Build.0 = Release|Win32
		{13E85053-54B3-487B-8DDB-3430B1C1B3BF}.Debug|Win32.ActiveCfg = Debug|Win32
		{13E85053-54B3-487B-8DDB-3430B1C1B3BF}.Debug|Win32.Build.0 = Debug|Win32
		{13E85053-54B3-487B-8DDB-3430B1C1B3BF}.Debug|x64.ActiveCfg = Debug|x64
		{13E85053-54B3-487B-8DDB-3430B1C1B3BF}.Debug|x64.Build.0 = Debug|x64
		{13E85053-54B3-487B-8DDB-3430B1C1B3BF}.Debug|x86.ActiveCfg = Debug|Win32
		{13E85053-54B3-487B-8DDB-3430B1C1B3BF}.Debug|x86.Build.0 = Debug|Win32
		{13E85053-54B3-487B-8DDB-3430B1C1B3BF}.Release|Win32.ActiveCfg = Release|Win32
		{13E85053-54B3-487B-8DDB-3430B1C1B3BF}.Release|Win32.Build.0 = Release|Win32
		{13E85053-54B3-487B-8DDB-3430B1C1B3BF}.Release|x64.ActiveCfg = Release|x64
		{13E85053-54B3-487B-8DDB-3430B1C1B3BF}.Release|x64.Build.0 = Release|x64
		{13E85053-54B3-487B-8DDB-3430B1C1B3BF}.Release|x86.ActiveCfg = Release|Win32
		{13E85053-54B3-487B-8DDB-3430B1C1B3BF}.Release|x86.Build.0 = Release|Win32
		{1ABB1158-909C-4AD4-9F81-CB38BBA5D950}.Debug|Win32.ActiveCfg = Debug|Win32
		{1ABB1158-909C-4AD4-9F81-CB38BBA5D950}.Debug|Win32.Build.0 = Debug|Win32
		{1ABB1158-909C-4AD4-9F81-CB38BBA5D950}.Debug|x64.ActiveCfg = Debug|x64
		{1ABB1158-909C-4AD4-9F81-CB38BBA5D950}.Debug|x64.Build.0 = Debug|x64
		{1ABB1158-909C-4AD4-9F81-CB38BBA5D950}.Debug|x86.ActiveCfg = Debug|Win32
		{1ABB1158-909C-4AD4-9F81-CB38BBA5D950}.Debug|x86.Build.0 = Debug|Win32
		{1ABB1158-909C-4AD4-9F81-CB38BBA5D950}.Release|Win32.ActiveCfg = Release|Win32
		{1ABB1158-909C-4AD4-9F81-CB38BBA5D950}.Release|Win32.Build.0 = Release|Win32
		{1ABB1158-909C-4AD4-9F81-CB38BBA5D950}.Release|x64.ActiveCfg = Release|x64
		{1ABB1158-909C-4AD4-9F81-CB38BBA5D950}.Release|x64.Build.0 = Release|x64
		{1ABB1158-909C-4AD4-9F81-CB38BBA5D950}.Release|x86.ActiveCfg = Release|Win32
		{1ABB1158-909C-4AD4-9F81-CB38BBA5D950}.Release|x86.Build.0 = Release|Win32
		{22A80447-6D5C-4271-8917-EF35AD375AC8}.Debug|Win32.ActiveCfg = Debug|Win32
		{22A80447-6D5C-4271-8917-EF35AD375AC8}.Debug|Win32.Build.0 = Debug|Win32
		{22A80447-6D5C-4271-8917-EF35AD375AC8}.Debug|x64.ActiveCfg = Debug|x64
		{22A80447-6D5C-4271-8917-EF35AD375AC8}.Debug|x64.Build.0 = Debug|x64
		{22A80447-6D5C-4271-8917-EF35AD375AC8}.Debug|x86.ActiveCfg = Debug|Win32
		{22A80447-6D5C-4271-8917-EF35AD375AC8}.Debug|x86.Build.0 = Debug|Win32
		{22A80447-6D5C-4271-8917-EF35AD375AC8}.Release|Win32.ActiveCfg = Release|Win32
		{22A80447-6D5C-4271-8917-EF35AD375AC8}.Release|Win32.Build.0 = Release|Win32
		{22A80447-6D5C-4271-8917-EF35AD375AC8}.Release|x64.ActiveCfg = Release|x64
		{22A80447-6D5C-4271-8917-EF35AD375AC8}.Release|x64.Build.0 = Release|x64
		{22A80447-6D5C-4271-8917-EF35AD375AC8}.Release|x86.ActiveCfg = Release|Win32
		{22A80447-6D5C-4271-8917-EF35AD375AC8}.Release|x86.Build.0 = Release|Win32
	EndGlobalSection
	GlobalSection(SolutionProperties) = preSolution
		HideSolutionNode = FALSE
	EndGlobalSection
	GlobalSection(NestedProjects) = preSolution
		{3E283F37-A4ED-41B7-A3E6-A2D89D131A30} = {6A7F3D29-1E39-4296-9F30-4CC1BDDBB398}
		{33066374-88CB-CB8D-15DA-61032886329A} = {6A7F3D29-1E39-4296-9F30-4CC1BDDBB398}
		{F8220E05-EA12-453A-8FF3-4DCD26F88E7B} = {6A7F3D29-1E39-4296-9F30-4CC1BDDBB398}
		{D5A4199B-2D2A-4D39-992D-3235640391FA} = {921D5B69-8635-445A-B190-D444B6473447}
		{13CC6679-5C08-458D-AE11-EF059477986D} = {921D5B69-8635-445A-B190-D444B6473447}
		{3D413FE9-E698-4CFA-94CB-70183529670A} = {3D9D98D1-254B-4E6E-844F-1B1CC2A84479}
		{6A0CB921-223D-4642-B343-7757A74A39D2} = {3D9D98D1-254B-4E6E-844F-1B1CC2A84479}
		{264824EA-460F-489D-948B-A63CE013BC81} = {3D9D98D1-254B-4E6E-844F-1B1CC2A84479}
		{8D48CFE1-C3F1-4FDC-A4A1-A8CB0B499B59} = {3D9D98D1-254B-4E6E-844F-1B1CC2A84479}
		{08A10A98-CAEF-4A7B-8A19-ADCF32FD8760} = {3D9D98D1-254B-4E6E-844F-1B1CC2A84479}
		{8FA54791-E222-4021-A426-BF7A516D3DCF} = {921D5B69-8635-445A-B190-D444B6473447}
		{2FCDE234-1A1E-4276-BFAB-7AC2272F87F1} = {B76C3CF5-3ACC-4DD3-92D2-76F090989E9E}
		{C406DAEC-0886-4771-8DEA-9D7329B46CC1} = {6A7F3D29-1E39-4296-9F30-4CC1BDDBB398}
		{13E85053-54B3-487B-8DDB-3430B1C1B3BF} = {6A7F3D29-1E39-4296-9F30-4CC1BDDBB398}
		{1ABB1158-909C-4AD4-9F81-CB38BBA5D950} = {6A7F3D29-1E39-4296-9F30-4CC1BDDBB398}
		{22A80447-6D5C-4271-8917-EF35AD375AC8} = {B76C3CF5-3ACC-4DD3-92D2-76F090989E9E}
	EndGlobalSection
EndGlobal
